{
  "pins" : [
    {
      "identity" : "swifter-lite",
      "kind" : "remoteSourceControl",
      "location" : "https://github.com/StarPlayrX/Swifter-Lite",
      "state" : {
        "branch" : "1.5.1",
        "revision" : "fd9e8d3271797915ad4edfb53e3e67bac531fb09"
      }
    }
  ],
  "version" : 2
}
