{
  "pins" : [
    {
      "identity" : "swifter-lite",
      "kind" : "remoteSourceControl",
      "location" : "https://github.com/StarPlayrX/Swifter-Lite",
      "state" : {
        "branch" : "1.5.1",
        "revision" : "e417edf19757d9d92883514a9e72a0f79459a33f"
      }
    }
  ],
  "version" : 2
}
